lockfileVersion: '9.0'

settings:
  autoInstallPeers: true
  excludeLinksFromLockfile: false

importers:

  .:
    dependencies:
      discord-api-types:
        specifier: ^0.38.23
        version: 0.38.23
      discord-delivery:
        specifier: ^1.0.2
        version: 1.0.2
    devDependencies:
      '@biomejs/biome':
        specifier: 2.1.3
        version: 2.1.3
      '@types/node':
        specifier: ^22.15.33
        version: 22.17.0
      knip:
        specifier: ^5.55.1
        version: 5.62.0(@types/node@22.17.0)(typescript@5.9.2)
      tsx:
        specifier: ^4.20.3
        version: 4.20.3
      typescript:
        specifier: ^5.9.2
        version: 5.9.2

packages:

  '@biomejs/biome@2.1.3':
    resolution: {integrity: sha512-KE/tegvJIxTkl7gJbGWSgun7G6X/n2M6C35COT6ctYrAy7SiPyNvi6JtoQERVK/VRbttZfgGq96j2bFmhmnH4w==}
    engines: {node: '>=14.21.3'}
    hasBin: true

  '@biomejs/cli-darwin-arm64@2.1.3':
    resolution: {integrity: sha512-LFLkSWRoSGS1wVUD/BE6Nlt2dSn0ulH3XImzg2O/36BoToJHKXjSxzPEMAqT9QvwVtk7/9AQhZpTneERU9qaXA==}
    engines: {node: '>=14.21.3'}
    cpu: [arm64]
    os: [darwin]

  '@biomejs/cli-darwin-x64@2.1.3':
    resolution: {integrity: sha512-Q/4OTw8P9No9QeowyxswcWdm0n2MsdCwWcc5NcKQQvzwPjwuPdf8dpPPf4r+x0RWKBtl1FLiAUtJvBlri6DnYw==}
    engines: {node: '>=14.21.3'}
    cpu: [x64]
    os: [darwin]

  '@biomejs/cli-linux-arm64-musl@2.1.3':
    resolution: {integrity: sha512-KXouFSBnoxAWZYDQrnNRzZBbt5s9UJkIm40hdvSL9mBxSSoxRFQJbtg1hP3aa8A2SnXyQHxQfpiVeJlczZt76w==}
    engines: {node: '>=14.21.3'}
    cpu: [arm64]
    os: [linux]

  '@biomejs/cli-linux-arm64@2.1.3':
    resolution: {integrity: sha512-2hS6LgylRqMFmAZCOFwYrf77QMdUwJp49oe8PX/O8+P2yKZMSpyQTf3Eo5ewnsMFUEmYbPOskafdV1ds1MZMJA==}
    engines: {node: '>=14.21.3'}
    cpu: [arm64]
    os: [linux]

  '@biomejs/cli-linux-x64-musl@2.1.3':
    resolution: {integrity: sha512-KaLAxnROouzIWtl6a0Y88r/4hW5oDUJTIqQorOTVQITaKQsKjZX4XCUmHIhdEk8zMnaiLZzRTAwk1yIAl+mIew==}
    engines: {node: '>=14.21.3'}
    cpu: [x64]
    os: [linux]

  '@biomejs/cli-linux-x64@2.1.3':
    resolution: {integrity: sha512-NxlSCBhLvQtWGagEztfAZ4WcE1AkMTntZV65ZvR+J9jp06+EtOYEBPQndA70ZGhHbEDG57bR6uNvqkd1WrEYVA==}
    engines: {node: '>=14.21.3'}
    cpu: [x64]
    os: [linux]

  '@biomejs/cli-win32-arm64@2.1.3':
    resolution: {integrity: sha512-V9CUZCtWH4u0YwyCYbQ3W5F4ZGPWp2C2TYcsiWFNNyRfmOW1j/TY/jAurl33SaRjgZPO5UUhGyr9m6BN9t84NQ==}
    engines: {node: '>=14.21.3'}
    cpu: [arm64]
    os: [win32]

  '@biomejs/cli-win32-x64@2.1.3':
    resolution: {integrity: sha512-dxy599q6lgp8ANPpR8sDMscwdp9oOumEsVXuVCVT9N2vAho8uYXlCz53JhxX6LtJOXaE73qzgkGQ7QqvFlMC0g==}
    engines: {node: '>=14.21.3'}
    cpu: [x64]
    os: [win32]

  '@discordjs/collection@2.1.1':
    resolution: {integrity: sha512-LiSusze9Tc7qF03sLCujF5iZp7K+vRNEDBZ86FT9aQAv3vxMLihUvKvpsCWiQ2DJq1tVckopKm1rxomgNUc9hg==}
    engines: {node: '>=18'}

  '@discordjs/core@2.2.0':
    resolution: {integrity: sha512-gAiXcgh0z40pH9cN+Th/dC1b8rHOUZgO0P0af5b81NlsH8XNaGKBsRvwQbvxPHLaZx6RYDfMBqw8B8Bm23zWBA==}
    engines: {node: '>=20'}

  '@discordjs/rest@2.5.1':
    resolution: {integrity: sha512-Tg9840IneBcbrAjcGaQzHUJWFNq1MMWZjTdjJ0WS/89IffaNKc++iOvffucPxQTF/gviO9+9r8kEPea1X5J2Dw==}
    engines: {node: '>=18'}

  '@discordjs/util@1.1.1':
    resolution: {integrity: sha512-eddz6UnOBEB1oITPinyrB2Pttej49M9FZQY8NxgEvc3tq6ZICZ19m70RsmzRdDHk80O9NoYN/25AqJl8vPVf/g==}
    engines: {node: '>=18'}

  '@discordjs/ws@2.0.3':
    resolution: {integrity: sha512-c/Yd0eK2kFAvGn5/xECdUziSXLQh7tFO7kw2nfsj46B6txhPpJweR8yYjtYQ+kbUsaFcoQOrZ69wYqfetdqSHw==}
    engines: {node: '>=20'}

  '@emnapi/core@1.4.5':
    resolution: {integrity: sha512-XsLw1dEOpkSX/WucdqUhPWP7hDxSvZiY+fsUC14h+FtQ2Ifni4znbBt8punRX+Uj2JG/uDb8nEHVKvrVlvdZ5Q==}

  '@emnapi/runtime@1.4.5':
    resolution: {integrity: sha512-++LApOtY0pEEz1zrd9vy1/zXVaVJJ/EbAF3u0fXIzPJEDtnITsBGbbK0EkM72amhl/R5b+5xx0Y/QhcVOpuulg==}

  '@emnapi/wasi-threads@1.0.4':
    resolution: {integrity: sha512-PJR+bOmMOPH8AtcTGAyYNiuJ3/Fcoj2XN/gBEWzDIKh254XO+mM9XoXHk5GNEhodxeMznbg7BlRojVbKN+gC6g==}

  '@esbuild/aix-ppc64@0.25.8':
    resolution: {integrity: sha512-urAvrUedIqEiFR3FYSLTWQgLu5tb+m0qZw0NBEasUeo6wuqatkMDaRT+1uABiGXEu5vqgPd7FGE1BhsAIy9QVA==}
    engines: {node: '>=18'}
    cpu: [ppc64]
    os: [aix]

  '@esbuild/android-arm64@0.25.8':
    resolution: {integrity: sha512-OD3p7LYzWpLhZEyATcTSJ67qB5D+20vbtr6vHlHWSQYhKtzUYrETuWThmzFpZtFsBIxRvhO07+UgVA9m0i/O1w==}
    engines: {node: '>=18'}
    cpu: [arm64]
    os: [android]

  '@esbuild/android-arm@0.25.8':
    resolution: {integrity: sha512-RONsAvGCz5oWyePVnLdZY/HHwA++nxYWIX1atInlaW6SEkwq6XkP3+cb825EUcRs5Vss/lGh/2YxAb5xqc07Uw==}
    engines: {node: '>=18'}
    cpu: [arm]
    os: [android]

  '@esbuild/android-x64@0.25.8':
    resolution: {integrity: sha512-yJAVPklM5+4+9dTeKwHOaA+LQkmrKFX96BM0A/2zQrbS6ENCmxc4OVoBs5dPkCCak2roAD+jKCdnmOqKszPkjA==}
    engines: {node: '>=18'}
    cpu: [x64]
    os: [android]

  '@esbuild/darwin-arm64@0.25.8':
    resolution: {integrity: sha512-Jw0mxgIaYX6R8ODrdkLLPwBqHTtYHJSmzzd+QeytSugzQ0Vg4c5rDky5VgkoowbZQahCbsv1rT1KW72MPIkevw==}
    engines: {node: '>=18'}
    cpu: [arm64]
    os: [darwin]

  '@esbuild/darwin-x64@0.25.8':
    resolution: {integrity: sha512-Vh2gLxxHnuoQ+GjPNvDSDRpoBCUzY4Pu0kBqMBDlK4fuWbKgGtmDIeEC081xi26PPjn+1tct+Bh8FjyLlw1Zlg==}
    engines: {node: '>=18'}
    cpu: [x64]
    os: [darwin]

  '@esbuild/freebsd-arm64@0.25.8':
    resolution: {integrity: sha512-YPJ7hDQ9DnNe5vxOm6jaie9QsTwcKedPvizTVlqWG9GBSq+BuyWEDazlGaDTC5NGU4QJd666V0yqCBL2oWKPfA==}
    engines: {node: '>=18'}
    cpu: [arm64]
    os: [freebsd]

  '@esbuild/freebsd-x64@0.25.8':
    resolution: {integrity: sha512-MmaEXxQRdXNFsRN/KcIimLnSJrk2r5H8v+WVafRWz5xdSVmWLoITZQXcgehI2ZE6gioE6HirAEToM/RvFBeuhw==}
    engines: {node: '>=18'}
    cpu: [x64]
    os: [freebsd]

  '@esbuild/linux-arm64@0.25.8':
    resolution: {integrity: sha512-WIgg00ARWv/uYLU7lsuDK00d/hHSfES5BzdWAdAig1ioV5kaFNrtK8EqGcUBJhYqotlUByUKz5Qo6u8tt7iD/w==}
    engines: {node: '>=18'}
    cpu: [arm64]
    os: [linux]

  '@esbuild/linux-arm@0.25.8':
    resolution: {integrity: sha512-FuzEP9BixzZohl1kLf76KEVOsxtIBFwCaLupVuk4eFVnOZfU+Wsn+x5Ryam7nILV2pkq2TqQM9EZPsOBuMC+kg==}
    engines: {node: '>=18'}
    cpu: [arm]
    os: [linux]

  '@esbuild/linux-ia32@0.25.8':
    resolution: {integrity: sha512-A1D9YzRX1i+1AJZuFFUMP1E9fMaYY+GnSQil9Tlw05utlE86EKTUA7RjwHDkEitmLYiFsRd9HwKBPEftNdBfjg==}
    engines: {node: '>=18'}
    cpu: [ia32]
    os: [linux]

  '@esbuild/linux-loong64@0.25.8':
    resolution: {integrity: sha512-O7k1J/dwHkY1RMVvglFHl1HzutGEFFZ3kNiDMSOyUrB7WcoHGf96Sh+64nTRT26l3GMbCW01Ekh/ThKM5iI7hQ==}
    engines: {node: '>=18'}
    cpu: [loong64]
    os: [linux]

  '@esbuild/linux-mips64el@0.25.8':
    resolution: {integrity: sha512-uv+dqfRazte3BzfMp8PAQXmdGHQt2oC/y2ovwpTteqrMx2lwaksiFZ/bdkXJC19ttTvNXBuWH53zy/aTj1FgGw==}
    engines: {node: '>=18'}
    cpu: [mips64el]
    os: [linux]

  '@esbuild/linux-ppc64@0.25.8':
    resolution: {integrity: sha512-GyG0KcMi1GBavP5JgAkkstMGyMholMDybAf8wF5A70CALlDM2p/f7YFE7H92eDeH/VBtFJA5MT4nRPDGg4JuzQ==}
    engines: {node: '>=18'}
    cpu: [ppc64]
    os: [linux]

  '@esbuild/linux-riscv64@0.25.8':
    resolution: {integrity: sha512-rAqDYFv3yzMrq7GIcen3XP7TUEG/4LK86LUPMIz6RT8A6pRIDn0sDcvjudVZBiiTcZCY9y2SgYX2lgK3AF+1eg==}
    engines: {node: '>=18'}
    cpu: [riscv64]
    os: [linux]

  '@esbuild/linux-s390x@0.25.8':
    resolution: {integrity: sha512-Xutvh6VjlbcHpsIIbwY8GVRbwoviWT19tFhgdA7DlenLGC/mbc3lBoVb7jxj9Z+eyGqvcnSyIltYUrkKzWqSvg==}
    engines: {node: '>=18'}
    cpu: [s390x]
    os: [linux]

  '@esbuild/linux-x64@0.25.8':
    resolution: {integrity: sha512-ASFQhgY4ElXh3nDcOMTkQero4b1lgubskNlhIfJrsH5OKZXDpUAKBlNS0Kx81jwOBp+HCeZqmoJuihTv57/jvQ==}
    engines: {node: '>=18'}
    cpu: [x64]
    os: [linux]

  '@esbuild/netbsd-arm64@0.25.8':
    resolution: {integrity: sha512-d1KfruIeohqAi6SA+gENMuObDbEjn22olAR7egqnkCD9DGBG0wsEARotkLgXDu6c4ncgWTZJtN5vcgxzWRMzcw==}
    engines: {node: '>=18'}
    cpu: [arm64]
    os: [netbsd]

  '@esbuild/netbsd-x64@0.25.8':
    resolution: {integrity: sha512-nVDCkrvx2ua+XQNyfrujIG38+YGyuy2Ru9kKVNyh5jAys6n+l44tTtToqHjino2My8VAY6Lw9H7RI73XFi66Cg==}
    engines: {node: '>=18'}
    cpu: [x64]
    os: [netbsd]

  '@esbuild/openbsd-arm64@0.25.8':
    resolution: {integrity: sha512-j8HgrDuSJFAujkivSMSfPQSAa5Fxbvk4rgNAS5i3K+r8s1X0p1uOO2Hl2xNsGFppOeHOLAVgYwDVlmxhq5h+SQ==}
    engines: {node: '>=18'}
    cpu: [arm64]
    os: [openbsd]

  '@esbuild/openbsd-x64@0.25.8':
    resolution: {integrity: sha512-1h8MUAwa0VhNCDp6Af0HToI2TJFAn1uqT9Al6DJVzdIBAd21m/G0Yfc77KDM3uF3T/YaOgQq3qTJHPbTOInaIQ==}
    engines: {node: '>=18'}
    cpu: [x64]
    os: [openbsd]

  '@esbuild/openharmony-arm64@0.25.8':
    resolution: {integrity: sha512-r2nVa5SIK9tSWd0kJd9HCffnDHKchTGikb//9c7HX+r+wHYCpQrSgxhlY6KWV1nFo1l4KFbsMlHk+L6fekLsUg==}
    engines: {node: '>=18'}
    cpu: [arm64]
    os: [openharmony]

  '@esbuild/sunos-x64@0.25.8':
    resolution: {integrity: sha512-zUlaP2S12YhQ2UzUfcCuMDHQFJyKABkAjvO5YSndMiIkMimPmxA+BYSBikWgsRpvyxuRnow4nS5NPnf9fpv41w==}
    engines: {node: '>=18'}
    cpu: [x64]
    os: [sunos]

  '@esbuild/win32-arm64@0.25.8':
    resolution: {integrity: sha512-YEGFFWESlPva8hGL+zvj2z/SaK+pH0SwOM0Nc/d+rVnW7GSTFlLBGzZkuSU9kFIGIo8q9X3ucpZhu8PDN5A2sQ==}
    engines: {node: '>=18'}
    cpu: [arm64]
    os: [win32]

  '@esbuild/win32-ia32@0.25.8':
    resolution: {integrity: sha512-hiGgGC6KZ5LZz58OL/+qVVoZiuZlUYlYHNAmczOm7bs2oE1XriPFi5ZHHrS8ACpV5EjySrnoCKmcbQMN+ojnHg==}
    engines: {node: '>=18'}
    cpu: [ia32]
    os: [win32]

  '@esbuild/win32-x64@0.25.8':
    resolution: {integrity: sha512-cn3Yr7+OaaZq1c+2pe+8yxC8E144SReCQjN6/2ynubzYjvyqZjTXfQJpAcQpsdJq3My7XADANiYGHoFC69pLQw==}
    engines: {node: '>=18'}
    cpu: [x64]
    os: [win32]

  '@napi-rs/wasm-runtime@1.0.1':
    resolution: {integrity: sha512-KVlQ/jgywZpixGCKMNwxStmmbYEMyokZpCf2YuIChhfJA2uqfAKNEM8INz7zzTo55iEXfBhIIs3VqYyqzDLj8g==}

  '@nodelib/fs.scandir@2.1.5':
    resolution: {integrity: sha512-vq24Bq3ym5HEQm2NKCr3yXDwjc7vTsEThRDnkp2DK9p1uqLR+DHurm/NOTo0KG7HYHU7eppKZj3MyqYuMBf62g==}
    engines: {node: '>= 8'}

  '@nodelib/fs.stat@2.0.5':
    resolution: {integrity: sha512-RkhPPp2zrqDAQA/2jNhnztcPAlv64XdhIp7a7454A5ovI7Bukxgt7MX7udwAu3zg1DcpPU0rz3VV1SeaqvY4+A==}
    engines: {node: '>= 8'}

  '@nodelib/fs.walk@1.2.8':
    resolution: {integrity: sha512-oGB+UxlgWcgQkgwo8GcEGwemoTFt3FIO9ababBmaGwXIoBKZ+GTy0pP185beGg7Llih/NSHSV2XAs1lnznocSg==}
    engines: {node: '>= 8'}

  '@oxc-resolver/binding-android-arm-eabi@11.6.1':
    resolution: {integrity: sha512-Ma/kg29QJX1Jzelv0Q/j2iFuUad1WnjgPjpThvjqPjpOyLjCUaiFCCnshhmWjyS51Ki1Iol3fjf1qAzObf8GIA==}
    cpu: [arm]
    os: [android]

  '@oxc-resolver/binding-android-arm64@11.6.1':
    resolution: {integrity: sha512-xjL/FKKc5p8JkFWiH7pJWSzsewif3fRf1rw2qiRxRvq1uIa6l7Zoa14Zq2TNWEsqDjdeOrlJtfWiPNRnevK0oQ==}
    cpu: [arm64]
    os: [android]

  '@oxc-resolver/binding-darwin-arm64@11.6.1':
    resolution: {integrity: sha512-u0yrJ3NHE0zyCjiYpIyz4Vmov21MA0yFKbhHgixDU/G6R6nvC8ZpuSFql3+7C8ttAK9p8WpqOGweepfcilH5Bw==}
    cpu: [arm64]
    os: [darwin]

  '@oxc-resolver/binding-darwin-x64@11.6.1':
    resolution: {integrity: sha512-2lox165h1EhzxcC8edUy0znXC/hnAbUPaMpYKVlzLpB2AoYmgU4/pmofFApj+axm2FXpNamjcppld8EoHo06rw==}
    cpu: [x64]
    os: [darwin]

  '@oxc-resolver/binding-freebsd-x64@11.6.1':
    resolution: {integrity: sha512-F45MhEQ7QbHfsvZtVNuA/9obu3il7QhpXYmCMfxn7Zt9nfAOw4pQ8hlS5DroHVp3rW35u9F7x0sixk/QEAi3qQ==}
    cpu: [x64]
    os: [freebsd]

  '@oxc-resolver/binding-linux-arm-gnueabihf@11.6.1':
    resolution: {integrity: sha512-r+3+MTTl0tD4NoWbfTIItAxJvuyIU7V0fwPDXrv7Uj64vZ3OYaiyV+lVaeU89Bk/FUUQxeUpWBwdKNKHjyRNQw==}
    cpu: [arm]
    os: [linux]

  '@oxc-resolver/binding-linux-arm-musleabihf@11.6.1':
    resolution: {integrity: sha512-TBTZ63otsWZ72Z8ZNK2JVS0HW1w9zgOixJTFDNrYPUUW1pXGa28KAjQ1yGawj242WLAdu3lwdNIWtkxeO2BLxQ==}
    cpu: [arm]
    os: [linux]

  '@oxc-resolver/binding-linux-arm64-gnu@11.6.1':
    resolution: {integrity: sha512-SjwhNynjSG2yMdyA0f7wz7Yvo3ppejO+ET7n2oiI7ApCXrwxMzeRWjBzQt+oVWr2HzVOfaEcDS9rMtnR83ulig==}
    cpu: [arm64]
    os: [linux]

  '@oxc-resolver/binding-linux-arm64-musl@11.6.1':
    resolution: {integrity: sha512-f4EMidK6rosInBzPMnJ0Ri4RttFCvvLNUNDFUBtELW/MFkBwPTDlvbsmW0u0Mk/ruBQ2WmRfOZ6tT62kWMcX2Q==}
    cpu: [arm64]
    os: [linux]

  '@oxc-resolver/binding-linux-ppc64-gnu@11.6.1':
    resolution: {integrity: sha512-1umENVKeUsrWnf5IlF/6SM7DCv8G6CoKI2LnYR6qhZuLYDPS4PBZ0Jow3UDV9Rtbv5KRPcA3/uXjI88ntWIcOQ==}
    cpu: [ppc64]
    os: [linux]

  '@oxc-resolver/binding-linux-riscv64-gnu@11.6.1':
    resolution: {integrity: sha512-Hjyp1FRdJhsEpIxsZq5VcDuFc8abC0Bgy8DWEa31trCKoTz7JqA7x3E2dkFbrAKsEFmZZ0NvuG5Ip3oIRARhow==}
    cpu: [riscv64]
    os: [linux]

  '@oxc-resolver/binding-linux-riscv64-musl@11.6.1':
    resolution: {integrity: sha512-ODJOJng6f3QxpAXhLel3kyWs8rPsJeo9XIZHzA7p//e+5kLMDU7bTVk4eZnUHuxsqsB8MEvPCicJkKCEuur5Ag==}
    cpu: [riscv64]
    os: [linux]

  '@oxc-resolver/binding-linux-s390x-gnu@11.6.1':
    resolution: {integrity: sha512-hCzRiLhqe1ZOpHTsTGKp7gnMJRORlbCthawBueer2u22RVAka74pV/+4pP1tqM07mSlQn7VATuWaDw9gCl+cVg==}
    cpu: [s390x]
    os: [linux]

  '@oxc-resolver/binding-linux-x64-gnu@11.6.1':
    resolution: {integrity: sha512-JansPD8ftOzMYIC3NfXJ68tt63LEcIAx44Blx6BAd7eY880KX7A0KN3hluCrelCz5aQkPaD95g8HBiJmKaEi2w==}
    cpu: [x64]
    os: [linux]

  '@oxc-resolver/binding-linux-x64-musl@11.6.1':
    resolution: {integrity: sha512-R78ES1rd4z2x5NrFPtSWb/ViR1B8wdl+QN2X8DdtoYcqZE/4tvWtn9ZTCXMEzUp23tchJ2wUB+p6hXoonkyLpA==}
    cpu: [x64]
    os: [linux]

  '@oxc-resolver/binding-wasm32-wasi@11.6.1':
    resolution: {integrity: sha512-qAR3tYIf3afkij/XYunZtlz3OH2Y4ni10etmCFIJB5VRGsqJyI6Hl+2dXHHGJNwbwjXjSEH/KWJBpVroF3TxBw==}
    engines: {node: '>=14.0.0'}
    cpu: [wasm32]

  '@oxc-resolver/binding-win32-arm64-msvc@11.6.1':
    resolution: {integrity: sha512-QqygWygIuemGkaBA48POOTeinbVvlamqh6ucm8arGDGz/mB5O00gXWxed12/uVrYEjeqbMkla/CuL3fjL3EKvw==}
    cpu: [arm64]
    os: [win32]

  '@oxc-resolver/binding-win32-ia32-msvc@11.6.1':
    resolution: {integrity: sha512-N2+kkWwt/bk0JTCxhPuK8t8JMp3nd0n2OhwOkU8KO4a7roAJEa4K1SZVjMv5CqUIr5sx2CxtXRBoFDiORX5oBg==}
    cpu: [ia32]
    os: [win32]

  '@oxc-resolver/binding-win32-x64-msvc@11.6.1':
    resolution: {integrity: sha512-DfMg3cU9bJUbN62Prbp4fGCtLgexuwyEaQGtZAp8xmi1Ii26uflOGx0FJkFTF6lVMSFoIRFvIL8gsw5/ZdHrMw==}
    cpu: [x64]
    os: [win32]

  '@sapphire/async-queue@1.5.5':
    resolution: {integrity: sha512-cvGzxbba6sav2zZkH8GPf2oGk9yYoD5qrNWdu9fRehifgnFZJMV+nuy2nON2roRO4yQQ+v7MK/Pktl/HgfsUXg==}
    engines: {node: '>=v14.0.0', npm: '>=7.0.0'}

  '@sapphire/snowflake@3.5.5':
    resolution: {integrity: sha512-xzvBr1Q1c4lCe7i6sRnrofxeO1QTP/LKQ6A6qy0iB4x5yfiSfARMEQEghojzTNALDTcv8En04qYNIco9/K9eZQ==}
    engines: {node: '>=v14.0.0', npm: '>=7.0.0'}

  '@tybys/wasm-util@0.10.0':
    resolution: {integrity: sha512-VyyPYFlOMNylG45GoAe0xDoLwWuowvf92F9kySqzYh8vmYm7D2u4iUJKa1tOUpS70Ku13ASrOkS4ScXFsTaCNQ==}

  '@types/node@22.17.0':
    resolution: {integrity: sha512-bbAKTCqX5aNVryi7qXVMi+OkB3w/OyblodicMbvE38blyAz7GxXf6XYhklokijuPwwVg9sDLKRxt0ZHXQwZVfQ==}

  '@types/ws@8.18.1':
    resolution: {integrity: sha512-ThVF6DCVhA8kUGy+aazFQ4kXQ7E1Ty7A3ypFOe0IcJV8O/M511G99AW24irKrW56Wt44yG9+ij8FaqoBGkuBXg==}

  '@vladfrangu/async_event_emitter@2.4.6':
    resolution: {integrity: sha512-RaI5qZo6D2CVS6sTHFKg1v5Ohq/+Bo2LZ5gzUEwZ/WkHhwtGTCB/sVLw8ijOkAUxasZ+WshN/Rzj4ywsABJ5ZA==}
    engines: {node: '>=v14.0.0', npm: '>=7.0.0'}

  argparse@2.0.1:
    resolution: {integrity: sha512-8+9WqebbFzpX9OR+Wa6O29asIogeRMzcGtAINdpMHHyAg10f05aSFVBbcEqGf/PXw1EjAZ+q2/bEBg3DvurK3Q==}

  braces@3.0.3:
    resolution: {integrity: sha512-yQbXgO/OSZVD2IsiLlro+7Hf6Q18EJrKSEsdoMzKePKXct3gvD8oLcOQdIzGupr5Fj+EDe8gO/lxc1BzfMpxvA==}
    engines: {node: '>=8'}

  discord-api-types@0.38.23:
    resolution: {integrity: sha512-C8VjK0yxBUq1dakxGpUXQm4VSC7R+aaD2SIr3paj2a0bP/LRok1AqHiezp30GruK6Ba9FtQAKqYUMJPzsqv7IQ==}

  discord-delivery@1.0.2:
    resolution: {integrity: sha512-ApU82QrNDhAVG4dl9v8U/bavcbdUw1QvCjnjzz1fXg9HXUTB7PBOeZ3fu+XXQwjDJzt9i8izN7MlMPZZsoozgA==}

  esbuild@0.25.8:
    resolution: {integrity: sha512-vVC0USHGtMi8+R4Kz8rt6JhEWLxsv9Rnu/lGYbPR8u47B+DCBksq9JarW0zOO7bs37hyOK1l2/oqtbciutL5+Q==}
    engines: {node: '>=18'}
    hasBin: true

  fast-glob@3.3.3:
    resolution: {integrity: sha512-7MptL8U0cqcFdzIzwOTHoilX9x5BrNqye7Z/LuC7kCMRio1EMSyqRK3BEAUD7sXRq4iT4AzTVuZdhgQ2TCvYLg==}
    engines: {node: '>=8.6.0'}

  fastq@1.19.1:
    resolution: {integrity: sha512-GwLTyxkCXjXbxqIhTsMI2Nui8huMPtnxg7krajPJAjnEG/iiOS7i+zCtWGZR9G0NBKbXKh6X9m9UIsYX/N6vvQ==}

  fd-package-json@2.0.0:
    resolution: {integrity: sha512-jKmm9YtsNXN789RS/0mSzOC1NUq9mkVd65vbSSVsKdjGvYXBuE4oWe2QOEoFeRmJg+lPuZxpmrfFclNhoRMneQ==}

  fill-range@7.1.1:
    resolution: {integrity: sha512-YsGpe3WHLK8ZYi4tWDg2Jy3ebRz2rXowDxnld4bkQB00cc/1Zw9AWnC0i9ztDJitivtQvaI9KaLyKrc+hBW0yg==}
    engines: {node: '>=8'}

  formatly@0.2.4:
    resolution: {integrity: sha512-lIN7GpcvX/l/i24r/L9bnJ0I8Qn01qijWpQpDDvTLL29nKqSaJJu4h20+7VJ6m2CAhQ2/En/GbxDiHCzq/0MyA==}
    engines: {node: '>=18.3.0'}
    hasBin: true

  fsevents@2.3.3:
    resolution: {integrity: sha512-5xoDfX+fL7faATnagmWPpbFtwh/R77WmMMqqHGS65C3vvB0YHrgF+B1YmZ3441tMj5n63k0212XNoJwzlhffQw==}
    engines: {node: ^8.16.0 || ^10.6.0 || >=11.0.0}
    os: [darwin]

  get-tsconfig@4.10.1:
    resolution: {integrity: sha512-auHyJ4AgMz7vgS8Hp3N6HXSmlMdUyhSUrfBF16w153rxtLIEOE+HGqaBppczZvnHLqQJfiHotCYpNhl0lUROFQ==}

  glob-parent@5.1.2:
    resolution: {integrity: sha512-AOIgSQCepiJYwP3ARnGx+5VnTu2HBYdzbGP45eLw1vr3zB3vZLeyed1sC9hnbcOc9/SrMyM5RPQrkGz4aS9Zow==}
    engines: {node: '>= 6'}

  is-extglob@2.1.1:
    resolution: {integrity: sha512-SbKbANkN603Vi4jEZv49LeVJMn4yGwsbzZworEoyEiutsN3nJYdbO36zfhGJ6QEDpOZIFkDtnq5JRxmvl3jsoQ==}
    engines: {node: '>=0.10.0'}

  is-glob@4.0.3:
    resolution: {integrity: sha512-xelSayHH36ZgE7ZWhli7pW34hNbNl8Ojv5KVmkJD4hBdD3th8Tfk9vYasLM+mXWOZhFkgZfxhLSnrwRr4elSSg==}
    engines: {node: '>=0.10.0'}

  is-number@7.0.0:
    resolution: {integrity: sha512-41Cifkg6e8TylSpdtTpeLVMqvSBEVzTttHvERD741+pnZ8ANv0004MRL43QKPDlK9cGvNp6NZWZUBlbGXYxxng==}
    engines: {node: '>=0.12.0'}

  jiti@2.5.1:
    resolution: {integrity: sha512-twQoecYPiVA5K/h6SxtORw/Bs3ar+mLUtoPSc7iMXzQzK8d7eJ/R09wmTwAjiamETn1cXYPGfNnu7DMoHgu12w==}
    hasBin: true

  js-yaml@4.1.0:
    resolution: {integrity: sha512-wpxZs9NoxZaJESJGIZTyDEaYpl0FKSA+FB9aJiyemKhMwkxQg63h4T1KJgUGHpTqPDNRcmmYLugrRjJlBtWvRA==}
    hasBin: true

  knip@5.62.0:
    resolution: {integrity: sha512-hfTUVzmrMNMT1khlZfAYmBABeehwWUUrizLQoLamoRhSFkygsGIXWx31kaWKBgEaIVL77T3Uz7IxGvSw+CvQ6A==}
    engines: {node: '>=18.18.0'}
    hasBin: true
    peerDependencies:
      '@types/node': '>=18'
      typescript: '>=5.0.4'

  magic-bytes.js@1.12.1:
    resolution: {integrity: sha512-ThQLOhN86ZkJ7qemtVRGYM+gRgR8GEXNli9H/PMvpnZsE44Xfh3wx9kGJaldg314v85m+bFW6WBMaVHJc/c3zA==}

  merge2@1.4.1:
    resolution: {integrity: sha512-8q7VEgMJW4J8tcfVPy8g09NcQwZdbwFEqhe/WZkoIzjn/3TGDwtOCYtXGxA3O8tPzpczCCDgv+P2P5y00ZJOOg==}
    engines: {node: '>= 8'}

  micromatch@4.0.8:
    resolution: {integrity: sha512-PXwfBhYu0hBCPw8Dn0E+WDYb7af3dSLVWKi3HGv84IdF4TyFoC0ysxFd0Goxw7nSv4T/PzEJQxsYsEiFCKo2BA==}
    engines: {node: '>=8.6'}

  minimist@1.2.8:
    resolution: {integrity: sha512-2yyAR8qBkN3YuheJanUpWC5U3bb5osDywNB8RzDVlDwDHbocAJveqqj1u8+SVD7jkWT4yvsHCpWqqWqAxb0zCA==}

  napi-postinstall@0.3.2:
    resolution: {integrity: sha512-tWVJxJHmBWLy69PvO96TZMZDrzmw5KeiZBz3RHmiM2XZ9grBJ2WgMAFVVg25nqp3ZjTFUs2Ftw1JhscL3Teliw==}
    engines: {node: ^12.20.0 || ^14.18.0 || >=16.0.0}
    hasBin: true

  oxc-resolver@11.6.1:
    resolution: {integrity: sha512-WQgmxevT4cM5MZ9ioQnEwJiHpPzbvntV5nInGAKo9NQZzegcOonHvcVcnkYqld7bTG35UFHEKeF7VwwsmA3cZg==}

  picocolors@1.1.1:
    resolution: {integrity: sha512-xceH2snhtb5M9liqDsmEw56le376mTZkEX/jEb/RxNFyegNul7eNslCXP9FDj/Lcu0X8KEyMceP2ntpaHrDEVA==}

  picomatch@2.3.1:
    resolution: {integrity: sha512-JU3teHTNjmE2VCGFzuY8EXzCDVwEqB2a8fsIvwaStHhAWJEeVd1o1QD80CU6+ZdEXXSLbSsuLwJjkCBWqRQUVA==}
    engines: {node: '>=8.6'}

  picomatch@4.0.3:
    resolution: {integrity: sha512-5gTmgEY/sqK6gFXLIsQNH19lWb4ebPDLA4SdLP7dsWkIXHWlG66oPuVvXSGFPppYZz8ZDZq0dYYrbHfBCVUb1Q==}
    engines: {node: '>=12'}

  queue-microtask@1.2.3:
    resolution: {integrity: sha512-NuaNSa6flKT5JaSYQzJok04JzTL1CA6aGhv5rfLW3PgqA+M2ChpZQnAC8h8i4ZFkBS8X5RqkDBHA7r4hej3K9A==}

  resolve-pkg-maps@1.0.0:
    resolution: {integrity: sha512-seS2Tj26TBVOC2NIc2rOe2y2ZO7efxITtLZcGSOnHHNOQ7CkiUBfw0Iw2ck6xkIhPwLhKNLS8BO+hEpngQlqzw==}

  reusify@1.1.0:
    resolution: {integrity: sha512-g6QUff04oZpHs0eG5p83rFLhHeV00ug/Yf9nZM6fLeUrPguBTkTQOdpAWWspMh55TZfVQDPaN3NQJfbVRAxdIw==}
    engines: {iojs: '>=1.0.0', node: '>=0.10.0'}

  run-parallel@1.2.0:
    resolution: {integrity: sha512-5l4VyZR86LZ/lDxZTR6jqL8AFE2S0IFLMP26AbjsLVADxHdhB/c0GUsH+y39UfCi3dzz8OlQuPmnaJOMoDHQBA==}

  smol-toml@1.4.1:
    resolution: {integrity: sha512-CxdwHXyYTONGHThDbq5XdwbFsuY4wlClRGejfE2NtwUtiHYsP1QtNsHb/hnj31jKYSchztJsaA8pSQoVzkfCFg==}
    engines: {node: '>= 18'}

  strip-json-comments@5.0.2:
    resolution: {integrity: sha512-4X2FR3UwhNUE9G49aIsJW5hRRR3GXGTBTZRMfv568O60ojM8HcWjV/VxAxCDW3SUND33O6ZY66ZuRcdkj73q2g==}
    engines: {node: '>=14.16'}

  to-regex-range@5.0.1:
    resolution: {integrity: sha512-65P7iz6X5yEr1cwcgvQxbbIw7Uk3gOy5dIdtZ4rDveLqhrdJP+Li/Hx6tyK0NEb+2GCyneCMJiGqrADCSNk8sQ==}
    engines: {node: '>=8.0'}

  tslib@2.8.1:
    resolution: {integrity: sha512-oJFu94HQb+KVduSUQL7wnpmqnfmLsOA/nAh6b6EH0wCEoK0/mPeXU6c3wKDV83MkOuHPRHtSXKKU99IBazS/2w==}

  tsx@4.20.3:
    resolution: {integrity: sha512-qjbnuR9Tr+FJOMBqJCW5ehvIo/buZq7vH7qD7JziU98h6l3qGy0a/yPFjwO+y0/T7GFpNgNAvEcPPVfyT8rrPQ==}
    engines: {node: '>=18.0.0'}
    hasBin: true

  typescript@5.9.2:
    resolution: {integrity: sha512-CWBzXQrc/qOkhidw1OzBTQuYRbfyxDXJMVJ1XNwUHGROVmuaeiEm3OslpZ1RV96d7SKKjZKrSJu3+t/xlw3R9A==}
    engines: {node: '>=14.17'}
    hasBin: true

  undici-types@6.21.0:
    resolution: {integrity: sha512-iwDZqg0QAGrg9Rav5H4n0M64c3mkR59cJ6wQp+7C4nI0gsmExaedaYLNO44eT4AtBBwjbTiGPMlt2Md0T9H9JQ==}

  undici@6.21.3:
    resolution: {integrity: sha512-gBLkYIlEnSp8pFbT64yFgGE6UIB9tAkhukC23PmMDCe5Nd+cRqKxSjw5y54MK2AZMgZfJWMaNE4nYUHgi1XEOw==}
    engines: {node: '>=18.17'}

  walk-up-path@4.0.0:
    resolution: {integrity: sha512-3hu+tD8YzSLGuFYtPRb48vdhKMi0KQV5sn+uWr8+7dMEq/2G/dtLrdDinkLjqq5TIbIBjYJ4Ax/n3YiaW7QM8A==}
    engines: {node: 20 || >=22}

  ws@8.18.3:
    resolution: {integrity: sha512-PEIGCY5tSlUt50cqyMXfCzX+oOPqN0vuGqWzbcJ2xvnkzkq46oOpz7dQaTDBdfICb4N14+GARUDw2XV2N4tvzg==}
    engines: {node: '>=10.0.0'}
    peerDependencies:
      bufferutil: ^4.0.1
      utf-8-validate: '>=5.0.2'
    peerDependenciesMeta:
      bufferutil:
        optional: true
      utf-8-validate:
        optional: true

  zod-validation-error@3.5.3:
    resolution: {integrity: sha512-OT5Y8lbUadqVZCsnyFaTQ4/O2mys4tj7PqhdbBCp7McPwvIEKfPtdA6QfPeFQK2/Rz5LgwmAXRJTugBNBi0btw==}
    engines: {node: '>=18.0.0'}
    peerDependencies:
      zod: ^3.25.0 || ^4.0.0

  zod@3.25.76:
    resolution: {integrity: sha512-gzUt/qt81nXsFGKIFcC3YnfEAx5NkunCfnDlvuBSSFS02bcXu4Lmea0AFIUwbLWxWPx3d9p8S5QoaujKcNQxcQ==}

snapshots:

  '@biomejs/biome@2.1.3':
    optionalDependencies:
      '@biomejs/cli-darwin-arm64': 2.1.3
      '@biomejs/cli-darwin-x64': 2.1.3
      '@biomejs/cli-linux-arm64': 2.1.3
      '@biomejs/cli-linux-arm64-musl': 2.1.3
      '@biomejs/cli-linux-x64': 2.1.3
      '@biomejs/cli-linux-x64-musl': 2.1.3
      '@biomejs/cli-win32-arm64': 2.1.3
      '@biomejs/cli-win32-x64': 2.1.3

  '@biomejs/cli-darwin-arm64@2.1.3':
    optional: true

  '@biomejs/cli-darwin-x64@2.1.3':
    optional: true

  '@biomejs/cli-linux-arm64-musl@2.1.3':
    optional: true

  '@biomejs/cli-linux-arm64@2.1.3':
    optional: true

  '@biomejs/cli-linux-x64-musl@2.1.3':
    optional: true

  '@biomejs/cli-linux-x64@2.1.3':
    optional: true

  '@biomejs/cli-win32-arm64@2.1.3':
    optional: true

  '@biomejs/cli-win32-x64@2.1.3':
    optional: true

  '@discordjs/collection@2.1.1': {}

  '@discordjs/core@2.2.0':
    dependencies:
      '@discordjs/rest': 2.5.1
      '@discordjs/util': 1.1.1
      '@discordjs/ws': 2.0.3
      '@sapphire/snowflake': 3.5.5
      '@vladfrangu/async_event_emitter': 2.4.6
      discord-api-types: 0.38.23
    transitivePeerDependencies:
      - bufferutil
      - utf-8-validate

  '@discordjs/rest@2.5.1':
    dependencies:
      '@discordjs/collection': 2.1.1
      '@discordjs/util': 1.1.1
      '@sapphire/async-queue': 1.5.5
      '@sapphire/snowflake': 3.5.5
      '@vladfrangu/async_event_emitter': 2.4.6
      discord-api-types: 0.38.23
      magic-bytes.js: 1.12.1
      tslib: 2.8.1
      undici: 6.21.3

  '@discordjs/util@1.1.1': {}

  '@discordjs/ws@2.0.3':
    dependencies:
      '@discordjs/collection': 2.1.1
      '@discordjs/rest': 2.5.1
      '@discordjs/util': 1.1.1
      '@sapphire/async-queue': 1.5.5
      '@types/ws': 8.18.1
      '@vladfrangu/async_event_emitter': 2.4.6
      discord-api-types: 0.38.23
      tslib: 2.8.1
      ws: 8.18.3
    transitivePeerDependencies:
      - bufferutil
      - utf-8-validate

  '@emnapi/core@1.4.5':
    dependencies:
      '@emnapi/wasi-threads': 1.0.4
      tslib: 2.8.1
    optional: true

  '@emnapi/runtime@1.4.5':
    dependencies:
      tslib: 2.8.1
    optional: true

  '@emnapi/wasi-threads@1.0.4':
    dependencies:
      tslib: 2.8.1
    optional: true

  '@esbuild/aix-ppc64@0.25.8':
    optional: true

  '@esbuild/android-arm64@0.25.8':
    optional: true

  '@esbuild/android-arm@0.25.8':
    optional: true

  '@esbuild/android-x64@0.25.8':
    optional: true

  '@esbuild/darwin-arm64@0.25.8':
    optional: true

  '@esbuild/darwin-x64@0.25.8':
    optional: true

  '@esbuild/freebsd-arm64@0.25.8':
    optional: true

  '@esbuild/freebsd-x64@0.25.8':
    optional: true

  '@esbuild/linux-arm64@0.25.8':
    optional: true

  '@esbuild/linux-arm@0.25.8':
    optional: true

  '@esbuild/linux-ia32@0.25.8':
    optional: true

  '@esbuild/linux-loong64@0.25.8':
    optional: true

  '@esbuild/linux-mips64el@0.25.8':
    optional: true

  '@esbuild/linux-ppc64@0.25.8':
    optional: true

  '@esbuild/linux-riscv64@0.25.8':
    optional: true

  '@esbuild/linux-s390x@0.25.8':
    optional: true

  '@esbuild/linux-x64@0.25.8':
    optional: true

  '@esbuild/netbsd-arm64@0.25.8':
    optional: true

  '@esbuild/netbsd-x64@0.25.8':
    optional: true

  '@esbuild/openbsd-arm64@0.25.8':
    optional: true

  '@esbuild/openbsd-x64@0.25.8':
    optional: true

  '@esbuild/openharmony-arm64@0.25.8':
    optional: true

  '@esbuild/sunos-x64@0.25.8':
    optional: true

  '@esbuild/win32-arm64@0.25.8':
    optional: true

  '@esbuild/win32-ia32@0.25.8':
    optional: true

  '@esbuild/win32-x64@0.25.8':
    optional: true

  '@napi-rs/wasm-runtime@1.0.1':
    dependencies:
      '@emnapi/core': 1.4.5
      '@emnapi/runtime': 1.4.5
      '@tybys/wasm-util': 0.10.0
    optional: true

  '@nodelib/fs.scandir@2.1.5':
    dependencies:
      '@nodelib/fs.stat': 2.0.5
      run-parallel: 1.2.0

  '@nodelib/fs.stat@2.0.5': {}

  '@nodelib/fs.walk@1.2.8':
    dependencies:
      '@nodelib/fs.scandir': 2.1.5
      fastq: 1.19.1

  '@oxc-resolver/binding-android-arm-eabi@11.6.1':
    optional: true

  '@oxc-resolver/binding-android-arm64@11.6.1':
    optional: true

  '@oxc-resolver/binding-darwin-arm64@11.6.1':
    optional: true

  '@oxc-resolver/binding-darwin-x64@11.6.1':
    optional: true

  '@oxc-resolver/binding-freebsd-x64@11.6.1':
    optional: true

  '@oxc-resolver/binding-linux-arm-gnueabihf@11.6.1':
    optional: true

  '@oxc-resolver/binding-linux-arm-musleabihf@11.6.1':
    optional: true

  '@oxc-resolver/binding-linux-arm64-gnu@11.6.1':
    optional: true

  '@oxc-resolver/binding-linux-arm64-musl@11.6.1':
    optional: true

  '@oxc-resolver/binding-linux-ppc64-gnu@11.6.1':
    optional: true

  '@oxc-resolver/binding-linux-riscv64-gnu@11.6.1':
    optional: true

  '@oxc-resolver/binding-linux-riscv64-musl@11.6.1':
    optional: true

  '@oxc-resolver/binding-linux-s390x-gnu@11.6.1':
    optional: true

  '@oxc-resolver/binding-linux-x64-gnu@11.6.1':
    optional: true

  '@oxc-resolver/binding-linux-x64-musl@11.6.1':
    optional: true

  '@oxc-resolver/binding-wasm32-wasi@11.6.1':
    dependencies:
      '@napi-rs/wasm-runtime': 1.0.1
    optional: true

  '@oxc-resolver/binding-win32-arm64-msvc@11.6.1':
    optional: true

  '@oxc-resolver/binding-win32-ia32-msvc@11.6.1':
    optional: true

  '@oxc-resolver/binding-win32-x64-msvc@11.6.1':
    optional: true

  '@sapphire/async-queue@1.5.5': {}

  '@sapphire/snowflake@3.5.5': {}

  '@tybys/wasm-util@0.10.0':
    dependencies:
      tslib: 2.8.1
    optional: true

  '@types/node@22.17.0':
    dependencies:
      undici-types: 6.21.0

  '@types/ws@8.18.1':
    dependencies:
      '@types/node': 22.17.0

  '@vladfrangu/async_event_emitter@2.4.6': {}

  argparse@2.0.1: {}

  braces@3.0.3:
    dependencies:
      fill-range: 7.1.1

  discord-api-types@0.38.23: {}

  discord-delivery@1.0.2:
    dependencies:
      '@discordjs/core': 2.2.0
      '@discordjs/rest': 2.5.1
    transitivePeerDependencies:
      - bufferutil
      - utf-8-validate

  esbuild@0.25.8:
    optionalDependencies:
      '@esbuild/aix-ppc64': 0.25.8
      '@esbuild/android-arm': 0.25.8
      '@esbuild/android-arm64': 0.25.8
      '@esbuild/android-x64': 0.25.8
      '@esbuild/darwin-arm64': 0.25.8
      '@esbuild/darwin-x64': 0.25.8
      '@esbuild/freebsd-arm64': 0.25.8
      '@esbuild/freebsd-x64': 0.25.8
      '@esbuild/linux-arm': 0.25.8
      '@esbuild/linux-arm64': 0.25.8
      '@esbuild/linux-ia32': 0.25.8
      '@esbuild/linux-loong64': 0.25.8
      '@esbuild/linux-mips64el': 0.25.8
      '@esbuild/linux-ppc64': 0.25.8
      '@esbuild/linux-riscv64': 0.25.8
      '@esbuild/linux-s390x': 0.25.8
      '@esbuild/linux-x64': 0.25.8
      '@esbuild/netbsd-arm64': 0.25.8
      '@esbuild/netbsd-x64': 0.25.8
      '@esbuild/openbsd-arm64': 0.25.8
      '@esbuild/openbsd-x64': 0.25.8
      '@esbuild/openharmony-arm64': 0.25.8
      '@esbuild/sunos-x64': 0.25.8
      '@esbuild/win32-arm64': 0.25.8
      '@esbuild/win32-ia32': 0.25.8
      '@esbuild/win32-x64': 0.25.8

  fast-glob@3.3.3:
    dependencies:
      '@nodelib/fs.stat': 2.0.5
      '@nodelib/fs.walk': 1.2.8
      glob-parent: 5.1.2
      merge2: 1.4.1
      micromatch: 4.0.8

  fastq@1.19.1:
    dependencies:
      reusify: 1.1.0

  fd-package-json@2.0.0:
    dependencies:
      walk-up-path: 4.0.0

  fill-range@7.1.1:
    dependencies:
      to-regex-range: 5.0.1

  formatly@0.2.4:
    dependencies:
      fd-package-json: 2.0.0

  fsevents@2.3.3:
    optional: true

  get-tsconfig@4.10.1:
    dependencies:
      resolve-pkg-maps: 1.0.0

  glob-parent@5.1.2:
    dependencies:
      is-glob: 4.0.3

  is-extglob@2.1.1: {}

  is-glob@4.0.3:
    dependencies:
      is-extglob: 2.1.1

  is-number@7.0.0: {}

  jiti@2.5.1: {}

  js-yaml@4.1.0:
    dependencies:
      argparse: 2.0.1

  knip@5.62.0(@types/node@22.17.0)(typescript@5.9.2):
    dependencies:
      '@nodelib/fs.walk': 1.2.8
      '@types/node': 22.17.0
      fast-glob: 3.3.3
      formatly: 0.2.4
      jiti: 2.5.1
      js-yaml: 4.1.0
      minimist: 1.2.8
      oxc-resolver: 11.6.1
      picocolors: 1.1.1
      picomatch: 4.0.3
      smol-toml: 1.4.1
      strip-json-comments: 5.0.2
      typescript: 5.9.2
      zod: 3.25.76
      zod-validation-error: 3.5.3(zod@3.25.76)

  magic-bytes.js@1.12.1: {}

  merge2@1.4.1: {}

  micromatch@4.0.8:
    dependencies:
      braces: 3.0.3
      picomatch: 2.3.1

  minimist@1.2.8: {}

  napi-postinstall@0.3.2: {}

  oxc-resolver@11.6.1:
    dependencies:
      napi-postinstall: 0.3.2
    optionalDependencies:
      '@oxc-resolver/binding-android-arm-eabi': 11.6.1
      '@oxc-resolver/binding-android-arm64': 11.6.1
      '@oxc-resolver/binding-darwin-arm64': 11.6.1
      '@oxc-resolver/binding-darwin-x64': 11.6.1
      '@oxc-resolver/binding-freebsd-x64': 11.6.1
      '@oxc-resolver/binding-linux-arm-gnueabihf': 11.6.1
      '@oxc-resolver/binding-linux-arm-musleabihf': 11.6.1
      '@oxc-resolver/binding-linux-arm64-gnu': 11.6.1
      '@oxc-resolver/binding-linux-arm64-musl': 11.6.1
      '@oxc-resolver/binding-linux-ppc64-gnu': 11.6.1
      '@oxc-resolver/binding-linux-riscv64-gnu': 11.6.1
      '@oxc-resolver/binding-linux-riscv64-musl': 11.6.1
      '@oxc-resolver/binding-linux-s390x-gnu': 11.6.1
      '@oxc-resolver/binding-linux-x64-gnu': 11.6.1
      '@oxc-resolver/binding-linux-x64-musl': 11.6.1
      '@oxc-resolver/binding-wasm32-wasi': 11.6.1
      '@oxc-resolver/binding-win32-arm64-msvc': 11.6.1
      '@oxc-resolver/binding-win32-ia32-msvc': 11.6.1
      '@oxc-resolver/binding-win32-x64-msvc': 11.6.1

  picocolors@1.1.1: {}

  picomatch@2.3.1: {}

  picomatch@4.0.3: {}

  queue-microtask@1.2.3: {}

  resolve-pkg-maps@1.0.0: {}

  reusify@1.1.0: {}

  run-parallel@1.2.0:
    dependencies:
      queue-microtask: 1.2.3

  smol-toml@1.4.1: {}

  strip-json-comments@5.0.2: {}

  to-regex-range@5.0.1:
    dependencies:
      is-number: 7.0.0

  tslib@2.8.1: {}

  tsx@4.20.3:
    dependencies:
      esbuild: 0.25.8
      get-tsconfig: 4.10.1
    optionalDependencies:
      fsevents: 2.3.3

  typescript@5.9.2: {}

  undici-types@6.21.0: {}

  undici@6.21.3: {}

  walk-up-path@4.0.0: {}

  ws@8.18.3: {}

  zod-validation-error@3.5.3(zod@3.25.76):
    dependencies:
      zod: 3.25.76

  zod@3.25.76: {}
